
Microsoft Visual Studio Solution File, Format Version 12.00
# Visual Studio Version 17
VisualStudioVersion = 17.3.32929.385
MinimumVisualStudioVersion = 10.0.40219.1
Project("{9A19103F-16F7-4668-BE54-9A1E7A4F7556}") = "Mechatronica.WPF", "Mechatronica.WPF\Mechatronica.WPF.csproj", "{F69894DC-8AB5-467A-B9CB-6347D52D2373}"
EndProject
Project("{9A19103F-16F7-4668-BE54-9A1E7A4F7556}") = "Mechatronica.DB", "Mechatronica.DB\Mechatronica.DB.csproj", "{06D4E9BA-6C99-48D4-9EAF-46E4E414BC0D}"
EndProject
Project("{FAE04EC0-301F-11D3-BF4B-00C04F79EFBC}") = "Console", "Console\Console.csproj", "{88C9C31D-0602-4CE4-8F38-0FE9AB1FDF59}"
EndProject
Global
	GlobalSection(SolutionConfigurationPlatforms) = preSolution
		Debug|Any CPU = Debug|Any CPU
		Release|Any CPU = Release|Any CPU
	EndGlobalSection
	GlobalSection(ProjectConfigurationPlatforms) = postSolution
		{F69894DC-8AB5-467A-B9CB-6347D52D2373}.Debug|Any CPU.ActiveCfg = Debug|Any CPU
		{F69894DC-8AB5-467A-B9CB-6347D52D2373}.Debug|Any CPU.Build.0 = Debug|Any CPU
		{F69894DC-8AB5-467A-B9CB-6347D52D2373}.Release|Any CPU.ActiveCfg = Release|Any CPU
		{F69894DC-8AB5-467A-B9CB-6347D52D2373}.Release|Any CPU.Build.0 = Release|Any CPU
		{06D4E9BA-6C99-48D4-9EAF-46E4E414BC0D}.Debug|Any CPU.ActiveCfg = Debug|Any CPU
		{06D4E9BA-6C99-48D4-9EAF-46E4E414BC0D}.Debug|Any CPU.Build.0 = Debug|Any CPU
		{06D4E9BA-6C99-48D4-9EAF-46E4E414BC0D}.Release|Any CPU.ActiveCfg = Release|Any CPU
		{06D4E9BA-6C99-48D4-9EAF-46E4E414BC0D}.Release|Any CPU.Build.0 = Release|Any CPU
		{88C9C31D-0602-4CE4-8F38-0FE9AB1FDF59}.Debug|Any CPU.ActiveCfg = Debug|Any CPU
		{88C9C31D-0602-4CE4-8F38-0FE9AB1FDF59}.Debug|Any CPU.Build.0 = Debug|Any CPU
		{88C9C31D-0602-4CE4-8F38-0FE9AB1FDF59}.Release|Any CPU.ActiveCfg = Release|Any CPU
		{88C9C31D-0602-4CE4-8F38-0FE9AB1FDF59}.Release|Any CPU.Build.0 = Release|Any CPU
	EndGlobalSection
	GlobalSection(SolutionProperties) = preSolution
		HideSolutionNode = FALSE
	EndGlobalSection
	GlobalSection(ExtensibilityGlobals) = postSolution
		SolutionGuid = {4FAFDB6C-860A-4395-99FF-7A4B350F7207}
	EndGlobalSection
EndGlobal
